
Microsoft Visual Studio Solution File, Format Version 12.00
# Visual Studio 15
VisualStudioVersion = 15.0.27130.2036
MinimumVisualStudioVersion = 10.0.40219.1
Project("{FAE04EC0-301F-11D3-BF4B-00C04F79EFBC}") = "RandomNumberGenerator", "RandomNumberGenerator\RandomNumberGenerator.csproj", "{0251A0BD-E23B-4CC1-85AA-25DF122335C2}"
EndProject
Global
	GlobalSection(SolutionConfigurationPlatforms) = preSolution
		Debug|Any CPU = Debug|Any CPU
		Release|Any CPU = Release|Any CPU
	EndGlobalSection
	GlobalSection(ProjectConfigurationPlatforms) = postSolution
		{0251A0BD-E23B-4CC1-85AA-25DF122335C2}.Debug|Any CPU.ActiveCfg = Debug|Any CPU
		{0251A0BD-E23B-4CC1-85AA-25DF122335C2}.Debug|Any CPU.Build.0 = Debug|Any CPU
		{0251A0BD-E23B-4CC1-85AA-25DF122335C2}.Release|Any CPU.ActiveCfg = Release|Any CPU
		{0251A0BD-E23B-4CC1-85AA-25DF122335C2}.Release|Any CPU.Build.0 = Release|Any CPU
	EndGlobalSection
	GlobalSection(SolutionProperties) = preSolution
		HideSolutionNode = FALSE
	EndGlobalSection
	GlobalSection(ExtensibilityGlobals) = postSolution
		SolutionGuid = {BD5392E3-F407-40EB-B6D8-31C03F035662}
	EndGlobalSection
EndGlobal
